
Microsoft Visual Studio Solution File, Format Version 12.00
# Visual Studio 15
VisualStudioVersion = 15.0.28010.2046
MinimumVisualStudioVersion = 10.0.40219.1
Project("{FAE04EC0-301F-11D3-BF4B-00C04F79EFBC}") = "ForwardChaining", "ForwardChaining\ForwardChaining.csproj", "{BA426FBE-7A73-489F-8296-D837D77255CC}"
EndProject
Global
	GlobalSection(SolutionConfigurationPlatforms) = preSolution
		Debug|Any CPU = Debug|Any CPU
		Release|Any CPU = Release|Any CPU
	EndGlobalSection
	GlobalSection(ProjectConfigurationPlatforms) = postSolution
		{BA426FBE-7A73-489F-8296-D837D77255CC}.Debug|Any CPU.ActiveCfg = Debug|Any CPU
		{BA426FBE-7A73-489F-8296-D837D77255CC}.Debug|Any CPU.Build.0 = Debug|Any CPU
		{BA426FBE-7A73-489F-8296-D837D77255CC}.Release|Any CPU.ActiveCfg = Release|Any CPU
		{BA426FBE-7A73-489F-8296-D837D77255CC}.Release|Any CPU.Build.0 = Release|Any CPU
	EndGlobalSection
	GlobalSection(SolutionProperties) = preSolution
		HideSolutionNode = FALSE
	EndGlobalSection
	GlobalSection(ExtensibilityGlobals) = postSolution
		SolutionGuid = {E32D93C3-E85C-476D-A9BE-070AE39A5420}
	EndGlobalSection
EndGlobal
